
Microsoft Visual Studio Solution File, Format Version 12.00
# Visual Studio Version 17
VisualStudioVersion = 17.14.36121.58 d17.14
MinimumVisualStudioVersion = 10.0.40219.1
Project("{FAE04EC0-301F-11D3-BF4B-00C04F79EFBC}") = "TaskManagement", "TaskManagement\TaskManagement.csproj", "{5725434D-2AB3-4FFB-942C-A25B1F7DA06B}"
EndProject
Global
	GlobalSection(SolutionConfigurationPlatforms) = preSolution
		Debug|Any CPU = Debug|Any CPU
		Release|Any CPU = Release|Any CPU
	EndGlobalSection
	GlobalSection(ProjectConfigurationPlatforms) = postSolution
		{5725434D-2AB3-4FFB-942C-A25B1F7DA06B}.Debug|Any CPU.ActiveCfg = Debug|Any CPU
		{5725434D-2AB3-4FFB-942C-A25B1F7DA06B}.Debug|Any CPU.Build.0 = Debug|Any CPU
		{5725434D-2AB3-4FFB-942C-A25B1F7DA06B}.Release|Any CPU.ActiveCfg = Release|Any CPU
		{5725434D-2AB3-4FFB-942C-A25B1F7DA06B}.Release|Any CPU.Build.0 = Release|Any CPU
	EndGlobalSection
	GlobalSection(SolutionProperties) = preSolution
		HideSolutionNode = FALSE
	EndGlobalSection
	GlobalSection(ExtensibilityGlobals) = postSolution
		SolutionGuid = {35FFEE2F-E8D8-4285-8F74-04562FC94CEF}
	EndGlobalSection
EndGlobal
