
Microsoft Visual Studio Solution File, Format Version 12.00
# Visual Studio Version 17
VisualStudioVersion = 17.14.36121.58
MinimumVisualStudioVersion = 10.0.40219.1
Project("{FAE04EC0-301F-11D3-BF4B-00C04F79EFBC}") = "TaskManagementApi.Application", "TaskManagementApi.Application\TaskManagementApi.Application.csproj", "{F3585803-6B9D-4B25-87B9-EA299B7B3C49}"
EndProject
Project("{FAE04EC0-301F-11D3-BF4B-00C04F79EFBC}") = "TaskManagementApi.WebAPI", "TaskManagementApi.WebAPI\TaskManagementApi.WebAPI.csproj", "{C2C7BD8C-CBE4-42FB-86A1-84AB77D57A6A}"
EndProject
Project("{FAE04EC0-301F-11D3-BF4B-00C04F79EFBC}") = "TaskManagementApi.Infrastructures", "TaskManagementApi.Infrastructures\TaskManagementApi.Infrastructures.csproj", "{F3FFF09D-38E3-45F5-B0CC-07049FFAA8C5}"
EndProject
Project("{FAE04EC0-301F-11D3-BF4B-00C04F79EFBC}") = "TaskManagementApi.Core", "TaskManagementApi.Domains\TaskManagementApi.Core.csproj", "{E350C3CC-20F0-45D5-A29A-DB9A524B00DD}"
EndProject
Project("{2150E333-8FDC-42A3-9474-1A3956D46DE8}") = "src", "src", "{02EA681E-C7D8-13C7-8484-4AC65E1B71E8}"
EndProject
Project("{FAE04EC0-301F-11D3-BF4B-00C04F79EFBC}") = "TaskManagement.Test", "TaskManagement.Test\TaskManagement.Test.csproj", "{0F278D06-DB84-4F3F-ABE7-5C33103FC973}"
EndProject
Project("{FAE04EC0-301F-11D3-BF4B-00C04F79EFBC}") = "TaskManagement.ClientApp", "TaskManagement.ClientApp\TaskManagement.ClientApp.csproj", "{0E816A3E-0512-44E3-B5F0-5672B31EBD43}"
EndProject
Global
	GlobalSection(SolutionConfigurationPlatforms) = preSolution
		Debug|Any CPU = Debug|Any CPU
		Release|Any CPU = Release|Any CPU
	EndGlobalSection
	GlobalSection(ProjectConfigurationPlatforms) = postSolution
		{F3585803-6B9D-4B25-87B9-EA299B7B3C49}.Debug|Any CPU.ActiveCfg = Debug|Any CPU
		{F3585803-6B9D-4B25-87B9-EA299B7B3C49}.Debug|Any CPU.Build.0 = Debug|Any CPU
		{F3585803-6B9D-4B25-87B9-EA299B7B3C49}.Release|Any CPU.ActiveCfg = Release|Any CPU
		{F3585803-6B9D-4B25-87B9-EA299B7B3C49}.Release|Any CPU.Build.0 = Release|Any CPU
		{C2C7BD8C-CBE4-42FB-86A1-84AB77D57A6A}.Debug|Any CPU.ActiveCfg = Debug|Any CPU
		{C2C7BD8C-CBE4-42FB-86A1-84AB77D57A6A}.Debug|Any CPU.Build.0 = Debug|Any CPU
		{C2C7BD8C-CBE4-42FB-86A1-84AB77D57A6A}.Release|Any CPU.ActiveCfg = Release|Any CPU
		{C2C7BD8C-CBE4-42FB-86A1-84AB77D57A6A}.Release|Any CPU.Build.0 = Release|Any CPU
		{F3FFF09D-38E3-45F5-B0CC-07049FFAA8C5}.Debug|Any CPU.ActiveCfg = Debug|Any CPU
		{F3FFF09D-38E3-45F5-B0CC-07049FFAA8C5}.Debug|Any CPU.Build.0 = Debug|Any CPU
		{F3FFF09D-38E3-45F5-B0CC-07049FFAA8C5}.Release|Any CPU.ActiveCfg = Release|Any CPU
		{F3FFF09D-38E3-45F5-B0CC-07049FFAA8C5}.Release|Any CPU.Build.0 = Release|Any CPU
		{E350C3CC-20F0-45D5-A29A-DB9A524B00DD}.Debug|Any CPU.ActiveCfg = Debug|Any CPU
		{E350C3CC-20F0-45D5-A29A-DB9A524B00DD}.Debug|Any CPU.Build.0 = Debug|Any CPU
		{E350C3CC-20F0-45D5-A29A-DB9A524B00DD}.Release|Any CPU.ActiveCfg = Release|Any CPU
		{E350C3CC-20F0-45D5-A29A-DB9A524B00DD}.Release|Any CPU.Build.0 = Release|Any CPU
		{0F278D06-DB84-4F3F-ABE7-5C33103FC973}.Debug|Any CPU.ActiveCfg = Debug|Any CPU
		{0F278D06-DB84-4F3F-ABE7-5C33103FC973}.Debug|Any CPU.Build.0 = Debug|Any CPU
		{0F278D06-DB84-4F3F-ABE7-5C33103FC973}.Release|Any CPU.ActiveCfg = Release|Any CPU
		{0F278D06-DB84-4F3F-ABE7-5C33103FC973}.Release|Any CPU.Build.0 = Release|Any CPU
		{0E816A3E-0512-44E3-B5F0-5672B31EBD43}.Debug|Any CPU.ActiveCfg = Debug|Any CPU
		{0E816A3E-0512-44E3-B5F0-5672B31EBD43}.Debug|Any CPU.Build.0 = Debug|Any CPU
		{0E816A3E-0512-44E3-B5F0-5672B31EBD43}.Release|Any CPU.ActiveCfg = Release|Any CPU
		{0E816A3E-0512-44E3-B5F0-5672B31EBD43}.Release|Any CPU.Build.0 = Release|Any CPU
	EndGlobalSection
	GlobalSection(SolutionProperties) = preSolution
		HideSolutionNode = FALSE
	EndGlobalSection
	GlobalSection(NestedProjects) = preSolution
		{F3585803-6B9D-4B25-87B9-EA299B7B3C49} = {02EA681E-C7D8-13C7-8484-4AC65E1B71E8}
		{C2C7BD8C-CBE4-42FB-86A1-84AB77D57A6A} = {02EA681E-C7D8-13C7-8484-4AC65E1B71E8}
		{F3FFF09D-38E3-45F5-B0CC-07049FFAA8C5} = {02EA681E-C7D8-13C7-8484-4AC65E1B71E8}
		{E350C3CC-20F0-45D5-A29A-DB9A524B00DD} = {02EA681E-C7D8-13C7-8484-4AC65E1B71E8}
	EndGlobalSection
	GlobalSection(ExtensibilityGlobals) = postSolution
		SolutionGuid = {35FFEE2F-E8D8-4285-8F74-04562FC94CEF}
	EndGlobalSection
EndGlobal
